
Microsoft Visual Studio Solution File, Format Version 12.00
# Visual Studio 15
Project("{FAE04EC0-301F-11D3-BF4B-00C04F79EFBC}") = "Assembly-CSharp", "Assembly-CSharp.csproj", "{42249BF1-E4B7-7445-7954-B2D1AB44ADC3}"
EndProject
Project("{FAE04EC0-301F-11D3-BF4B-00C04F79EFBC}") = "Assembly-CSharp-Editor", "Assembly-CSharp-Editor.csproj", "{EF8E370C-EFC4-03BD-E45F-EF8A3D973805}"
EndProject
Project("{FAE04EC0-301F-11D3-BF4B-00C04F79EFBC}") = "ParrelSync", "ParrelSync.csproj", "{DE50D5A6-2452-092C-2EB8-DCB64FA8D0D7}"
EndProject
Global
	GlobalSection(SolutionConfigurationPlatforms) = preSolution
		Debug|Any CPU = Debug|Any CPU
		Release|Any CPU = Release|Any CPU
	EndGlobalSection
	GlobalSection(ProjectConfigurationPlatforms) = postSolution
		{42249BF1-E4B7-7445-7954-B2D1AB44ADC3}.Debug|Any CPU.ActiveCfg = Debug|Any CPU
		{42249BF1-E4B7-7445-7954-B2D1AB44ADC3}.Debug|Any CPU.Build.0 = Debug|Any CPU
		{42249BF1-E4B7-7445-7954-B2D1AB44ADC3}.Release|Any CPU.ActiveCfg = Release|Any CPU
		{42249BF1-E4B7-7445-7954-B2D1AB44ADC3}.Release|Any CPU.Build.0 = Release|Any CPU
		{EF8E370C-EFC4-03BD-E45F-EF8A3D973805}.Debug|Any CPU.ActiveCfg = Debug|Any CPU
		{EF8E370C-EFC4-03BD-E45F-EF8A3D973805}.Debug|Any CPU.Build.0 = Debug|Any CPU
		{EF8E370C-EFC4-03BD-E45F-EF8A3D973805}.Release|Any CPU.ActiveCfg = Release|Any CPU
		{EF8E370C-EFC4-03BD-E45F-EF8A3D973805}.Release|Any CPU.Build.0 = Release|Any CPU
		{DE50D5A6-2452-092C-2EB8-DCB64FA8D0D7}.Debug|Any CPU.ActiveCfg = Debug|Any CPU
		{DE50D5A6-2452-092C-2EB8-DCB64FA8D0D7}.Debug|Any CPU.Build.0 = Debug|Any CPU
		{DE50D5A6-2452-092C-2EB8-DCB64FA8D0D7}.Release|Any CPU.ActiveCfg = Release|Any CPU
		{DE50D5A6-2452-092C-2EB8-DCB64FA8D0D7}.Release|Any CPU.Build.0 = Release|Any CPU
	EndGlobalSection
	GlobalSection(SolutionProperties) = preSolution
		HideSolutionNode = FALSE
	EndGlobalSection
EndGlobal
